
Microsoft Visual Studio Solution File, Format Version 12.00
# Visual Studio Version 16
VisualStudioVersion = 16.0.30711.63
MinimumVisualStudioVersion = 10.0.40219.1
Project("{9A19103F-16F7-4668-BE54-9A1E7A4F7556}") = "BookDb", "BookDb\BookDb.csproj", "{E5821034-4AF9-4F4D-BB3C-0B2AA47709D5}"
EndProject
Project("{FAE04EC0-301F-11D3-BF4B-00C04F79EFBC}") = "BookClub", "BookClub\BookClub.csproj", "{993C7699-2366-402F-9B5F-48770099CDC6}"
EndProject
Global
	GlobalSection(SolutionConfigurationPlatforms) = preSolution
		Debug|Any CPU = Debug|Any CPU
		Release|Any CPU = Release|Any CPU
	EndGlobalSection
	GlobalSection(ProjectConfigurationPlatforms) = postSolution
		{E5821034-4AF9-4F4D-BB3C-0B2AA47709D5}.Debug|Any CPU.ActiveCfg = Debug|Any CPU
		{E5821034-4AF9-4F4D-BB3C-0B2AA47709D5}.Debug|Any CPU.Build.0 = Debug|Any CPU
		{E5821034-4AF9-4F4D-BB3C-0B2AA47709D5}.Release|Any CPU.ActiveCfg = Release|Any CPU
		{E5821034-4AF9-4F4D-BB3C-0B2AA47709D5}.Release|Any CPU.Build.0 = Release|Any CPU
		{993C7699-2366-402F-9B5F-48770099CDC6}.Debug|Any CPU.ActiveCfg = Debug|Any CPU
		{993C7699-2366-402F-9B5F-48770099CDC6}.Debug|Any CPU.Build.0 = Debug|Any CPU
		{993C7699-2366-402F-9B5F-48770099CDC6}.Release|Any CPU.ActiveCfg = Release|Any CPU
		{993C7699-2366-402F-9B5F-48770099CDC6}.Release|Any CPU.Build.0 = Release|Any CPU
	EndGlobalSection
	GlobalSection(SolutionProperties) = preSolution
		HideSolutionNode = FALSE
	EndGlobalSection
	GlobalSection(ExtensibilityGlobals) = postSolution
		SolutionGuid = {F02259CA-1366-49D3-8EC6-4C038C084CE0}
	EndGlobalSection
EndGlobal
